
Microsoft Visual Studio Solution File, Format Version 12.00
# Visual Studio Version 17
VisualStudioVersion = 17.3.32901.215
MinimumVisualStudioVersion = 10.0.40219.1
Project("{9A19103F-16F7-4668-BE54-9A1E7A4F7556}") = "HelloWorld", "HelloWorld\HelloWorld.csproj", "{D7FE28AF-D4A8-4894-848A-C9FD9DBD8599}"
EndProject
Project("{9A19103F-16F7-4668-BE54-9A1E7A4F7556}") = "Statement", "Statement\Statement.csproj", "{7677CA08-D25B-49F2-9B28-5F255F0122D7}"
EndProject
Project("{9A19103F-16F7-4668-BE54-9A1E7A4F7556}") = "LogicDasar", "Logic02\LogicDasar.csproj", "{66AF2961-C0AC-483D-AF31-3F9BAE732774}"
EndProject
Project("{9A19103F-16F7-4668-BE54-9A1E7A4F7556}") = "DataTypes", "DataTypes\DataTypes.csproj", "{DC51326A-1B8C-4B33-963D-03B1ECE2E2D4}"
EndProject
Project("{9A19103F-16F7-4668-BE54-9A1E7A4F7556}") = "ConvertTypes", "ConvertType\ConvertTypes.csproj", "{CF847CD9-FB47-4019-8D40-404D245F59C5}"
EndProject
Project("{FAE04EC0-301F-11D3-BF4B-00C04F79EFBC}") = "LinqTutorial", "LinqTutorial\LinqTutorial.csproj", "{28171E57-7172-41FE-8880-D604A762831E}"
EndProject
Project("{FAE04EC0-301F-11D3-BF4B-00C04F79EFBC}") = "Sample101Linq", "Sample101Linq\Sample101Linq.csproj", "{EEDBD3DF-4198-43A3-BA30-C2A41FBED289}"
EndProject
Global
	GlobalSection(SolutionConfigurationPlatforms) = preSolution
		Debug|Any CPU = Debug|Any CPU
		Release|Any CPU = Release|Any CPU
	EndGlobalSection
	GlobalSection(ProjectConfigurationPlatforms) = postSolution
		{D7FE28AF-D4A8-4894-848A-C9FD9DBD8599}.Debug|Any CPU.ActiveCfg = Debug|Any CPU
		{D7FE28AF-D4A8-4894-848A-C9FD9DBD8599}.Debug|Any CPU.Build.0 = Debug|Any CPU
		{D7FE28AF-D4A8-4894-848A-C9FD9DBD8599}.Release|Any CPU.ActiveCfg = Release|Any CPU
		{D7FE28AF-D4A8-4894-848A-C9FD9DBD8599}.Release|Any CPU.Build.0 = Release|Any CPU
		{7677CA08-D25B-49F2-9B28-5F255F0122D7}.Debug|Any CPU.ActiveCfg = Debug|Any CPU
		{7677CA08-D25B-49F2-9B28-5F255F0122D7}.Debug|Any CPU.Build.0 = Debug|Any CPU
		{7677CA08-D25B-49F2-9B28-5F255F0122D7}.Release|Any CPU.ActiveCfg = Release|Any CPU
		{7677CA08-D25B-49F2-9B28-5F255F0122D7}.Release|Any CPU.Build.0 = Release|Any CPU
		{66AF2961-C0AC-483D-AF31-3F9BAE732774}.Debug|Any CPU.ActiveCfg = Debug|Any CPU
		{66AF2961-C0AC-483D-AF31-3F9BAE732774}.Debug|Any CPU.Build.0 = Debug|Any CPU
		{66AF2961-C0AC-483D-AF31-3F9BAE732774}.Release|Any CPU.ActiveCfg = Release|Any CPU
		{66AF2961-C0AC-483D-AF31-3F9BAE732774}.Release|Any CPU.Build.0 = Release|Any CPU
		{DC51326A-1B8C-4B33-963D-03B1ECE2E2D4}.Debug|Any CPU.ActiveCfg = Debug|Any CPU
		{DC51326A-1B8C-4B33-963D-03B1ECE2E2D4}.Debug|Any CPU.Build.0 = Debug|Any CPU
		{DC51326A-1B8C-4B33-963D-03B1ECE2E2D4}.Release|Any CPU.ActiveCfg = Release|Any CPU
		{DC51326A-1B8C-4B33-963D-03B1ECE2E2D4}.Release|Any CPU.Build.0 = Release|Any CPU
		{CF847CD9-FB47-4019-8D40-404D245F59C5}.Debug|Any CPU.ActiveCfg = Debug|Any CPU
		{CF847CD9-FB47-4019-8D40-404D245F59C5}.Debug|Any CPU.Build.0 = Debug|Any CPU
		{CF847CD9-FB47-4019-8D40-404D245F59C5}.Release|Any CPU.ActiveCfg = Release|Any CPU
		{CF847CD9-FB47-4019-8D40-404D245F59C5}.Release|Any CPU.Build.0 = Release|Any CPU
		{28171E57-7172-41FE-8880-D604A762831E}.Debug|Any CPU.ActiveCfg = Debug|Any CPU
		{28171E57-7172-41FE-8880-D604A762831E}.Debug|Any CPU.Build.0 = Debug|Any CPU
		{28171E57-7172-41FE-8880-D604A762831E}.Release|Any CPU.ActiveCfg = Release|Any CPU
		{28171E57-7172-41FE-8880-D604A762831E}.Release|Any CPU.Build.0 = Release|Any CPU
		{EEDBD3DF-4198-43A3-BA30-C2A41FBED289}.Debug|Any CPU.ActiveCfg = Debug|Any CPU
		{EEDBD3DF-4198-43A3-BA30-C2A41FBED289}.Debug|Any CPU.Build.0 = Debug|Any CPU
		{EEDBD3DF-4198-43A3-BA30-C2A41FBED289}.Release|Any CPU.ActiveCfg = Release|Any CPU
		{EEDBD3DF-4198-43A3-BA30-C2A41FBED289}.Release|Any CPU.Build.0 = Release|Any CPU
	EndGlobalSection
	GlobalSection(SolutionProperties) = preSolution
		HideSolutionNode = FALSE
	EndGlobalSection
	GlobalSection(ExtensibilityGlobals) = postSolution
		SolutionGuid = {9529EEC5-0BD7-4D7C-B10F-E9DF0BDBE8F9}
	EndGlobalSection
EndGlobal
